
Microsoft Visual Studio Solution File, Format Version 12.00
# Visual Studio 14
VisualStudioVersion = 14.0.25420.1
MinimumVisualStudioVersion = 10.0.40219.1
Project("{D2ABAB84-BF74-430A-B69E-9DC6D40DDA17}") = "SSASQueryLogAnalyzer", "SSASQueryLogAnalyzer.dwproj", "{9AED09F5-E3CB-474D-93E5-7FC373B586F9}"
EndProject
Global
	GlobalSection(SolutionConfigurationPlatforms) = preSolution
		Development|Default = Development|Default
	EndGlobalSection
	GlobalSection(ProjectConfigurationPlatforms) = postSolution
		{9AED09F5-E3CB-474D-93E5-7FC373B586F9}.Development|Default.ActiveCfg = Development
		{9AED09F5-E3CB-474D-93E5-7FC373B586F9}.Development|Default.Build.0 = Development
		{9AED09F5-E3CB-474D-93E5-7FC373B586F9}.Development|Default.Deploy.0 = Development
	EndGlobalSection
	GlobalSection(SolutionProperties) = preSolution
		HideSolutionNode = FALSE
	EndGlobalSection
EndGlobal
